// !$*UTF8*$!
{
	archiveVersion = 1;
	classes = {
	};
	objectVersion = 50;
	objects = {

/* Begin PBXBuildFile section */
		3C1598C82354D572001B864F /* AppDelegate.m in Sources */ = {isa = PBXBuildFile; fileRef = 3C1598C72354D572001B864F /* AppDelegate.m */; };
		3C1598CB2354D572001B864F /* ViewController.m in Sources */ = {isa = PBXBuildFile; fileRef = 3C1598CA2354D572001B864F /* ViewController.m */; };
		3C1598D02354D573001B864F /* Assets.xcassets in Resources */ = {isa = PBXBuildFile; fileRef = 3C1598CF2354D573001B864F /* Assets.xcassets */; };
		3C1598D32354D573001B864F /* LaunchScreen.storyboard in Resources */ = {isa = PBXBuildFile; fileRef = 3C1598D12354D573001B864F /* LaunchScreen.storyboard */; };
		3C1598D62354D573001B864F /* main.m in Sources */ = {isa = PBXBuildFile; fileRef = 3C1598D52354D573001B864F /* main.m */; };
		3C1598DE2354D635001B864F /* RootViewController.m in Sources */ = {isa = PBXBuildFile; fileRef = 3C1598DD2354D635001B864F /* RootViewController.m */; };
		3C15990323550712001B864F /* ProtocolImplementer.m in Sources */ = {isa = PBXBuildFile; fileRef = 3C15990223550712001B864F /* ProtocolImplementer.m */; };
/* End PBXBuildFile section */

/* Begin PBXFileReference section */
		3C1598C32354D572001B864F /* UIClass.app */ = {isa = PBXFileReference; explicitFileType = wrapper.application; includeInIndex = 0; path = UIClass.app; sourceTree = BUILT_PRODUCTS_DIR; };
		3C1598C62354D572001B864F /* AppDelegate.h */ = {isa = PBXFileReference; lastKnownFileType = sourcecode.c.h; path = AppDelegate.h; sourceTree = "<group>"; };
		3C1598C72354D572001B864F /* AppDelegate.m */ = {isa = PBXFileReference; lastKnownFileType = sourcecode.c.objc; path = AppDelegate.m; sourceTree = "<group>"; };
		3C1598C92354D572001B864F /* ViewController.h */ = {isa = PBXFileReference; lastKnownFileType = sourcecode.c.h; path = ViewController.h; sourceTree = "<group>"; };
		3C1598CA2354D572001B864F /* ViewController.m */ = {isa = PBXFileReference; lastKnownFileType = sourcecode.c.objc; path = ViewController.m; sourceTree = "<group>"; };
		3C1598CF2354D573001B864F /* Assets.xcassets */ = {isa = PBXFileReference; lastKnownFileType = folder.assetcatalog; path = Assets.xcassets; sourceTree = "<group>"; };
		3C1598D22354D573001B864F /* Base */ = {isa = PBXFileReference; lastKnownFileType = file.storyboard; name = Base; path = Base.lproj/LaunchScreen.storyboard; sourceTree = "<group>"; };
		3C1598D42354D573001B864F /* Info.plist */ = {isa = PBXFileReference; lastKnownFileType = text.plist.xml; path = Info.plist; sourceTree = "<group>"; };
		3C1598D52354D573001B864F /* main.m */ = {isa = PBXFileReference; lastKnownFileType = sourcecode.c.objc; path = main.m; sourceTree = "<group>"; };
		3C1598DC2354D635001B864F /* RootViewController.h */ = {isa = PBXFileReference; lastKnownFileType = sourcecode.c.h; path = RootViewController.h; sourceTree = "<group>"; };
		3C1598DD2354D635001B864F /* RootViewController.m */ = {isa = PBXFileReference; lastKnownFileType = sourcecode.c.objc; path = RootViewController.m; sourceTree = "<group>"; };
		3C15990123550712001B864F /* ProtocolImplementer.h */ = {isa = PBXFileReference; lastKnownFileType = sourcecode.c.h; path = ProtocolImplementer.h; sourceTree = "<group>"; };
		3C15990223550712001B864F /* ProtocolImplementer.m */ = {isa = PBXFileReference; lastKnownFileType = sourcecode.c.objc; path = ProtocolImplementer.m; sourceTree = "<group>"; };
/* End PBXFileReference section */

/* Begin PBXFrameworksBuildPhase section */
		3C1598C02354D572001B864F /* Frameworks */ = {
			isa = PBXFrameworksBuildPhase;
			buildActionMask = 2147483647;
			files = (
			);
			runOnlyForDeploymentPostprocessing = 0;
		};
/* End PBXFrameworksBuildPhase section */

/* Begin PBXGroup section */
		3C1598BA2354D572001B864F = {
			isa = PBXGroup;
			children = (
				3C1598C52354D572001B864F /* UIClass */,
				3C1598C42354D572001B864F /* Products */,
			);
			sourceTree = "<group>";
		};
		3C1598C42354D572001B864F /* Products */ = {
			isa = PBXGroup;
			children = (
				3C1598C32354D572001B864F /* UIClass.app */,
			);
			name = Products;
			sourceTree = "<group>";
		};
		3C1598C52354D572001B864F /* UIClass */ = {
			isa = PBXGroup;
			children = (
				3C1598C62354D572001B864F /* AppDelegate.h */,
				3C1598C72354D572001B864F /* AppDelegate.m */,
				3C1598C92354D572001B864F /* ViewController.h */,
				3C1598CA2354D572001B864F /* ViewController.m */,
				3C1598CF2354D573001B864F /* Assets.xcassets */,
				3C1598D12354D573001B864F /* LaunchScreen.storyboard */,
				3C1598D42354D573001B864F /* Info.plist */,
				3C1598D52354D573001B864F /* main.m */,
				3C1598DC2354D635001B864F /* RootViewController.h */,
				3C1598DD2354D635001B864F /* RootViewController.m */,
				3C15990123550712001B864F /* ProtocolImplementer.h */,
				3C15990223550712001B864F /* ProtocolImplementer.m */,
			);
			path = UIClass;
			sourceTree = "<group>";
		};
/* End PBXGroup section */

/* Begin PBXNativeTarget section */
		3C1598C22354D572001B864F /* UIClass */ = {
			isa = PBXNativeTarget;
			buildConfigurationList = 3C1598D92354D573001B864F /* Build configuration list for PBXNativeTarget "UIClass" */;
			buildPhases = (
				3C1598BF2354D572001B864F /* Sources */,
				3C1598C02354D572001B864F /* Frameworks */,
				3C1598C12354D572001B864F /* Resources */,
			);
			buildRules = (
			);
			dependencies = (
			);
			name = UIClass;
			productName = UIClass;
			productReference = 3C1598C32354D572001B864F /* UIClass.app */;
			productType = "com.apple.product-type.application";
		};
/* End PBXNativeTarget section */

/* Begin PBXProject section */
		3C1598BB2354D572001B864F /* Project object */ = {
			isa = PBXProject;
			attributes = {
				LastUpgradeCheck = 1020;
				ORGANIZATIONNAME = "Vika Olegova";
				TargetAttributes = {
					3C1598C22354D572001B864F = {
						CreatedOnToolsVersion = 10.2;
					};
				};
			};
			buildConfigurationList = 3C1598BE2354D572001B864F /* Build configuration list for PBXProject "UIClass" */;
			compatibilityVersion = "Xcode 9.3";
			developmentRegion = en;
			hasScannedForEncodings = 0;
			knownRegions = (
				en,
				Base,
			);
			mainGroup = 3C1598BA2354D572001B864F;
			productRefGroup = 3C1598C42354D572001B864F /* Products */;
			projectDirPath = "";
			projectRoot = "";
			targets = (
				3C1598C22354D572001B864F /* UIClass */,
			);
		};
/* End PBXProject section */

/* Begin PBXResourcesBuildPhase section */
		3C1598C12354D572001B864F /* Resources */ = {
			isa = PBXResourcesBuildPhase;
			buildActionMask = 2147483647;
			files = (
				3C1598D32354D573001B864F /* LaunchScreen.storyboard in Resources */,
				3C1598D02354D573001B864F /* Assets.xcassets in Resources */,
			);
			runOnlyForDeploymentPostprocessing = 0;
		};
/* End PBXResourcesBuildPhase section */

/* Begin PBXSourcesBuildPhase section */
		3C1598BF2354D572001B864F /* Sources */ = {
			isa = PBXSourcesBuildPhase;
			buildActionMask = 2147483647;
			files = (
				3C1598CB2354D572001B864F /* ViewController.m in Sources */,
				3C1598D62354D573001B864F /* main.m in Sources */,
				3C1598DE2354D635001B864F /* RootViewController.m in Sources */,
				3C15990323550712001B864F /* ProtocolImplementer.m in Sources */,
				3C1598C82354D572001B864F /* AppDelegate.m in Sources */,
			);
			runOnlyForDeploymentPostprocessing = 0;
		};
/* End PBXSourcesBuildPhase section */

/* Begin PBXVariantGroup section */
		3C1598D12354D573001B864F /* LaunchScreen.storyboard */ = {
			isa = PBXVariantGroup;
			children = (
				3C1598D22354D573001B864F /* Base */,
			);
			name = LaunchScreen.storyboard;
			sourceTree = "<group>";
		};
/* End PBXVariantGroup section */

/* Begin XCBuildConfiguration section */
		3C1598D72354D573001B864F /* Debug */ = {
			isa = XCBuildConfiguration;
			buildSettings = {
				ALWAYS_SEARCH_USER_PATHS = NO;
				CLANG_ANALYZER_NONNULL = YES;
				CLANG_ANALYZER_NUMBER_OBJECT_CONVERSION = YES_AGGRESSIVE;
				CLANG_CXX_LANGUAGE_STANDARD = "gnu++14";
				CLANG_CXX_LIBRARY = "libc++";
				CLANG_ENABLE_MODULES = YES;
				CLANG_ENABLE_OBJC_ARC = YES;
				CLANG_ENABLE_OBJC_WEAK = YES;
				CLANG_WARN_BLOCK_CAPTURE_AUTORELEASING = YES;
				CLANG_WARN_BOOL_CONVERSION = YES;
				CLANG_WARN_COMMA = YES;
				CLANG_WARN_CONSTANT_CONVERSION = YES;
				CLANG_WARN_DEPRECATED_OBJC_IMPLEMENTATIONS = YES;
				CLANG_WARN_DIRECT_OBJC_ISA_USAGE = YES_ERROR;
				CLANG_WARN_DOCUMENTATION_COMMENTS = YES;
				CLANG_WARN_EMPTY_BODY = YES;
				CLANG_WARN_ENUM_CONVERSION = YES;
				CLANG_WARN_INFINITE_RECURSION = YES;
				CLANG_WARN_INT_CONVERSION = YES;
				CLANG_WARN_NON_LITERAL_NULL_CONVERSION = YES;
				CLANG_WARN_OBJC_IMPLICIT_RETAIN_SELF = YES;
				CLANG_WARN_OBJC_LITERAL_CONVERSION = YES;
				CLANG_WARN_OBJC_ROOT_CLASS = YES_ERROR;
				CLANG_WARN_RANGE_LOOP_ANALYSIS = YES;
				CLANG_WARN_STRICT_PROTOTYPES = YES;
				CLANG_WARN_SUSPICIOUS_MOVE = YES;
				CLANG_WARN_UNGUARDED_AVAILABILITY = YES_AGGRESSIVE;
				CLANG_WARN_UNREACHABLE_CODE = YES;
				CLANG_WARN__DUPLICATE_METHOD_MATCH = YES;
				CODE_SIGN_IDENTITY = "iPhone Developer";
				COPY_PHASE_STRIP = NO;
				DEBUG_INFORMATION_FORMAT = dwarf;
				ENABLE_STRICT_OBJC_MSGSEND = YES;
				ENABLE_TESTABILITY = YES;
				GCC_C_LANGUAGE_STANDARD = gnu11;
				GCC_DYNAMIC_NO_PIC = NO;
				GCC_NO_COMMON_BLOCKS = YES;
				GCC_OPTIMIZATION_LEVEL = 0;
				GCC_PREPROCESSOR_DEFINITIONS = (
					"DEBUG=1",
					"$(inherited)",
				);
				GCC_WARN_64_TO_32_BIT_CONVERSION = YES;
				GCC_WARN_ABOUT_RETURN_TYPE = YES_ERROR;
				GCC_WARN_UNDECLARED_SELECTOR = YES;
				GCC_WARN_UNINITIALIZED_AUTOS = YES_AGGRESSIVE;
				GCC_WARN_UNUSED_FUNCTION = YES;
				GCC_WARN_UNUSED_VARIABLE = YES;
				IPHONEOS_DEPLOYMENT_TARGET = 12.2;
				MTL_ENABLE_DEBUG_INFO = INCLUDE_SOURCE;
				MTL_FAST_MATH = YES;
				ONLY_ACTIVE_ARCH = YES;
				SDKROOT = iphoneos;
			};
			name = Debug;
		};
		3C1598D82354D573001B864F /* Release */ = {
			isa = XCBuildConfiguration;
			buildSettings = {
				ALWAYS_SEARCH_USER_PATHS = NO;
				CLANG_ANALYZER_NONNULL = YES;
				CLANG_ANALYZER_NUMBER_OBJECT_CONVERSION = YES_AGGRESSIVE;
				CLANG_CXX_LANGUAGE_STANDARD = "gnu++14";
				CLANG_CXX_LIBRARY = "libc++";
				CLANG_ENABLE_MODULES = YES;
				CLANG_ENABLE_OBJC_ARC = YES;
				CLANG_ENABLE_OBJC_WEAK = YES;
				CLANG_WARN_BLOCK_CAPTURE_AUTORELEASING = YES;
				CLANG_WARN_BOOL_CONVERSION = YES;
				CLANG_WARN_COMMA = YES;
				CLANG_WARN_CONSTANT_CONVERSION = YES;
				CLANG_WARN_DEPRECATED_OBJC_IMPLEMENTATIONS = YES;
				CLANG_WARN_DIRECT_OBJC_ISA_USAGE = YES_ERROR;
				CLANG_WARN_DOCUMENTATION_COMMENTS = YES;
				CLANG_WARN_EMPTY_BODY = YES;
				CLANG_WARN_ENUM_CONVERSION = YES;
				CLANG_WARN_INFINITE_RECURSION = YES;
				CLANG_WARN_INT_CONVERSION = YES;
				CLANG_WARN_NON_LITERAL_NULL_CONVERSION = YES;
				CLANG_WARN_OBJC_IMPLICIT_RETAIN_SELF = YES;
				CLANG_WARN_OBJC_LITERAL_CONVERSION = YES;
				CLANG_WARN_OBJC_ROOT_CLASS = YES_ERROR;
				CLANG_WARN_RANGE_LOOP_ANALYSIS = YES;
				CLANG_WARN_STRICT_PROTOTYPES = YES;
				CLANG_WARN_SUSPICIOUS_MOVE = YES;
				CLANG_WARN_UNGUARDED_AVAILABILITY = YES_AGGRESSIVE;
				CLANG_WARN_UNREACHABLE_CODE = YES;
				CLANG_WARN__DUPLICATE_METHOD_MATCH = YES;
				CODE_SIGN_IDENTITY = "iPhone Developer";
				COPY_PHASE_STRIP = NO;
				DEBUG_INFORMATION_FORMAT = "dwarf-with-dsym";
				ENABLE_NS_ASSERTIONS = NO;
				ENABLE_STRICT_OBJC_MSGSEND = YES;
				GCC_C_LANGUAGE_STANDARD = gnu11;
				GCC_NO_COMMON_BLOCKS = YES;
				GCC_WARN_64_TO_32_BIT_CONVERSION = YES;
				GCC_WARN_ABOUT_RETURN_TYPE = YES_ERROR;
				GCC_WARN_UNDECLARED_SELECTOR = YES;
				GCC_WARN_UNINITIALIZED_AUTOS = YES_AGGRESSIVE;
				GCC_WARN_UNUSED_FUNCTION = YES;
				GCC_WARN_UNUSED_VARIABLE = YES;
				IPHONEOS_DEPLOYMENT_TARGET = 12.2;
				MTL_ENABLE_DEBUG_INFO = NO;
				MTL_FAST_MATH = YES;
				SDKROOT = iphoneos;
				VALIDATE_PRODUCT = YES;
			};
			name = Release;
		};
		3C1598DA2354D573001B864F /* Debug */ = {
			isa = XCBuildConfiguration;
			buildSettings = {
				ASSETCATALOG_COMPILER_APPICON_NAME = AppIcon;
				CODE_SIGN_STYLE = Automatic;
				DEVELOPMENT_TEAM = 7B26XLTLFZ;
				INFOPLIST_FILE = UIClass/Info.plist;
				LD_RUNPATH_SEARCH_PATHS = (
					"$(inherited)",
					"@executable_path/Frameworks",
				);
				PRODUCT_BUNDLE_IDENTIFIER = "com-vikaolegova.UIClass";
				PRODUCT_NAME = "$(TARGET_NAME)";
				TARGETED_DEVICE_FAMILY = "1,2";
			};
			name = Debug;
		};
		3C1598DB2354D573001B864F /* Release */ = {
			isa = XCBuildConfiguration;
			buildSettings = {
				ASSETCATALOG_COMPILER_APPICON_NAME = AppIcon;
				CODE_SIGN_STYLE = Automatic;
				DEVELOPMENT_TEAM = 7B26XLTLFZ;
				INFOPLIST_FILE = UIClass/Info.plist;
				LD_RUNPATH_SEARCH_PATHS = (
					"$(inherited)",
					"@executable_path/Frameworks",
				);
				PRODUCT_BUNDLE_IDENTIFIER = "com-vikaolegova.UIClass";
				PRODUCT_NAME = "$(TARGET_NAME)";
				TARGETED_DEVICE_FAMILY = "1,2";
			};
			name = Release;
		};
/* End XCBuildConfiguration section */

/* Begin XCConfigurationList section */
		3C1598BE2354D572001B864F /* Build configuration list for PBXProject "UIClass" */ = {
			isa = XCConfigurationList;
			buildConfigurations = (
				3C1598D72354D573001B864F /* Debug */,
				3C1598D82354D573001B864F /* Release */,
			);
			defaultConfigurationIsVisible = 0;
			defaultConfigurationName = Release;
		};
		3C1598D92354D573001B864F /* Build configuration list for PBXNativeTarget "UIClass" */ = {
			isa = XCConfigurationList;
			buildConfigurations = (
				3C1598DA2354D573001B864F /* Debug */,
				3C1598DB2354D573001B864F /* Release */,
			);
			defaultConfigurationIsVisible = 0;
			defaultConfigurationName = Release;
		};
/* End XCConfigurationList section */
	};
	rootObject = 3C1598BB2354D572001B864F /* Project object */;
}
